
Microsoft Visual Studio Solution File, Format Version 12.00
# Visual Studio Version 17
VisualStudioVersion = 17.3.32825.248
MinimumVisualStudioVersion = 10.0.40219.1
Project("{FAE04EC0-301F-11D3-BF4B-00C04F79EFBC}") = "TempIE", "TempIE\TempIE.csproj", "{4D128E47-0ABA-4CB4-8397-EE5CD1E361C0}"
EndProject
Global
	GlobalSection(SolutionConfigurationPlatforms) = preSolution
		Debug|Any CPU = Debug|Any CPU
		Release|Any CPU = Release|Any CPU
	EndGlobalSection
	GlobalSection(ProjectConfigurationPlatforms) = postSolution
		{4D128E47-0ABA-4CB4-8397-EE5CD1E361C0}.Debug|Any CPU.ActiveCfg = Debug|Any CPU
		{4D128E47-0ABA-4CB4-8397-EE5CD1E361C0}.Debug|Any CPU.Build.0 = Debug|Any CPU
		{4D128E47-0ABA-4CB4-8397-EE5CD1E361C0}.Release|Any CPU.ActiveCfg = Release|Any CPU
		{4D128E47-0ABA-4CB4-8397-EE5CD1E361C0}.Release|Any CPU.Build.0 = Release|Any CPU
	EndGlobalSection
	GlobalSection(SolutionProperties) = preSolution
		HideSolutionNode = FALSE
	EndGlobalSection
	GlobalSection(ExtensibilityGlobals) = postSolution
		SolutionGuid = {056B3445-B567-4B45-AB9D-79EA1BEA0CED}
	EndGlobalSection
EndGlobal
